
Microsoft Visual Studio Solution File, Format Version 12.00
# Visual Studio Version 17
VisualStudioVersion = 17.3.32901.215
MinimumVisualStudioVersion = 10.0.40219.1
Project("{FAE04EC0-301F-11D3-BF4B-00C04F79EFBC}") = "ConsoleApp2", "ConsoleApp2\ConsoleApp2.csproj", "{7E35ED14-F3C7-4551-9800-D7164C45CF77}"
EndProject
Global
	GlobalSection(SolutionConfigurationPlatforms) = preSolution
		Debug|Any CPU = Debug|Any CPU
		Release|Any CPU = Release|Any CPU
	EndGlobalSection
	GlobalSection(ProjectConfigurationPlatforms) = postSolution
		{7E35ED14-F3C7-4551-9800-D7164C45CF77}.Debug|Any CPU.ActiveCfg = Debug|Any CPU
		{7E35ED14-F3C7-4551-9800-D7164C45CF77}.Debug|Any CPU.Build.0 = Debug|Any CPU
		{7E35ED14-F3C7-4551-9800-D7164C45CF77}.Release|Any CPU.ActiveCfg = Release|Any CPU
		{7E35ED14-F3C7-4551-9800-D7164C45CF77}.Release|Any CPU.Build.0 = Release|Any CPU
	EndGlobalSection
	GlobalSection(SolutionProperties) = preSolution
		HideSolutionNode = FALSE
	EndGlobalSection
	GlobalSection(ExtensibilityGlobals) = postSolution
		SolutionGuid = {68F2721F-FC02-4080-8E33-F6D8BCD9AB78}
	EndGlobalSection
EndGlobal
